
Microsoft Visual Studio Solution File, Format Version 12.00
# Visual Studio 15
VisualStudioVersion = 15.0.28307.572
MinimumVisualStudioVersion = 10.0.40219.1
Project("{FAE04EC0-301F-11D3-BF4B-00C04F79EFBC}") = "CodingCat.Serializers", "CodingCat.Serializers\CodingCat.Serializers.csproj", "{84C38F8A-4765-40C7-8ECC-F589F61E4D80}"
EndProject
Global
	GlobalSection(SolutionConfigurationPlatforms) = preSolution
		Debug|Any CPU = Debug|Any CPU
		Release|Any CPU = Release|Any CPU
	EndGlobalSection
	GlobalSection(ProjectConfigurationPlatforms) = postSolution
		{84C38F8A-4765-40C7-8ECC-F589F61E4D80}.Debug|Any CPU.ActiveCfg = Debug|Any CPU
		{84C38F8A-4765-40C7-8ECC-F589F61E4D80}.Debug|Any CPU.Build.0 = Debug|Any CPU
		{84C38F8A-4765-40C7-8ECC-F589F61E4D80}.Release|Any CPU.ActiveCfg = Release|Any CPU
		{84C38F8A-4765-40C7-8ECC-F589F61E4D80}.Release|Any CPU.Build.0 = Release|Any CPU
	EndGlobalSection
	GlobalSection(SolutionProperties) = preSolution
		HideSolutionNode = FALSE
	EndGlobalSection
	GlobalSection(ExtensibilityGlobals) = postSolution
		SolutionGuid = {C80C10B3-2738-49AA-B1B7-0AA24EEEBB25}
	EndGlobalSection
EndGlobal
